
Microsoft Visual Studio Solution File, Format Version 12.00
# Visual Studio Version 16
VisualStudioVersion = 16.0.29009.5
MinimumVisualStudioVersion = 10.0.40219.1
Project("{F184B08F-C81C-45F6-A57F-5ABD9991F28F}") = "Aplicacion de Inventario", "Aplicacion de Inventario\Aplicacion de Inventario.vbproj", "{FAE7208B-5674-4670-A98B-982A36DFE987}"
EndProject
Global
	GlobalSection(SolutionConfigurationPlatforms) = preSolution
		Debug|Any CPU = Debug|Any CPU
		Release|Any CPU = Release|Any CPU
	EndGlobalSection
	GlobalSection(ProjectConfigurationPlatforms) = postSolution
		{FAE7208B-5674-4670-A98B-982A36DFE987}.Debug|Any CPU.ActiveCfg = Debug|Any CPU
		{FAE7208B-5674-4670-A98B-982A36DFE987}.Debug|Any CPU.Build.0 = Debug|Any CPU
		{FAE7208B-5674-4670-A98B-982A36DFE987}.Release|Any CPU.ActiveCfg = Release|Any CPU
		{FAE7208B-5674-4670-A98B-982A36DFE987}.Release|Any CPU.Build.0 = Release|Any CPU
	EndGlobalSection
	GlobalSection(SolutionProperties) = preSolution
		HideSolutionNode = FALSE
	EndGlobalSection
	GlobalSection(ExtensibilityGlobals) = postSolution
		SolutionGuid = {49EF6659-8B06-4702-BFB9-099E69FD25AD}
	EndGlobalSection
EndGlobal
